
Microsoft Visual Studio Solution File, Format Version 12.00
# Visual Studio Version 17
VisualStudioVersion = 17.8.34408.163
MinimumVisualStudioVersion = 10.0.40219.1
Project("{FAE04EC0-301F-11D3-BF4B-00C04F79EFBC}") = "WpfApp1", "WpfApp1\WpfApp1.csproj", "{7BC4F868-D102-4B0A-8EA6-67EECC51AF21}"
EndProject
Global
	GlobalSection(SolutionConfigurationPlatforms) = preSolution
		Debug|Any CPU = Debug|Any CPU
		Release|Any CPU = Release|Any CPU
	EndGlobalSection
	GlobalSection(ProjectConfigurationPlatforms) = postSolution
		{7BC4F868-D102-4B0A-8EA6-67EECC51AF21}.Debug|Any CPU.ActiveCfg = Debug|Any CPU
		{7BC4F868-D102-4B0A-8EA6-67EECC51AF21}.Debug|Any CPU.Build.0 = Debug|Any CPU
		{7BC4F868-D102-4B0A-8EA6-67EECC51AF21}.Release|Any CPU.ActiveCfg = Release|Any CPU
		{7BC4F868-D102-4B0A-8EA6-67EECC51AF21}.Release|Any CPU.Build.0 = Release|Any CPU
	EndGlobalSection
	GlobalSection(SolutionProperties) = preSolution
		HideSolutionNode = FALSE
	EndGlobalSection
	GlobalSection(ExtensibilityGlobals) = postSolution
		SolutionGuid = {0E6D1E04-6BAF-4515-BBC4-9CEDF9B2C10B}
	EndGlobalSection
EndGlobal
